{
    "_meta": {
        "hash": {
            "sha256": "34e81403290b12595d2a007ab903ed9f0fe940a5f2d0296761f42255945489f6"
        },
        "pipfile-spec": 6,
        "requires": {
            "python_version": "3.9"
        },
        "sources": [
            {
                "name": "pypi",
                "url": "https://pypi.org/simple",
                "verify_ssl": true
            }
        ]
    },
    "default": {
        "annotated-types": {
            "hashes": [
                "sha256:47cdc3490d9ac1506ce92c7aaa76c579dc3509ff11e098fc867e5130ab7be802",
                "sha256:58da39888f92c276ad970249761ebea80ba544b77acddaa1a4d6cf78287d45fd"
            ],
            "markers": "python_version >= '3.7'",
            "version": "==0.5.0"
        },
        "certifi": {
            "hashes": [
                "sha256:539cc1d13202e33ca466e88b2807e29f4c13049d6d87031a3c110744495cb082",
                "sha256:92d6037539857d8206b8f6ae472e8b77db8058fec5937a1ef3f54304089edbb9"
            ],
            "markers": "python_version >= '3.6'",
            "version": "==2023.7.22"
        },
        "charset-normalizer": {
            "hashes": [
                "sha256:02673e456dc5ab13659f85196c534dc596d4ef260e4d86e856c3b2773ce09843",
                "sha256:02af06682e3590ab952599fbadac535ede5d60d78848e555aa58d0c0abbde786",
                "sha256:03680bb39035fbcffe828eae9c3f8afc0428c91d38e7d61aa992ef7a59fb120e",
                "sha256:0570d21da019941634a531444364f2482e8db0b3425fcd5ac0c36565a64142c8",
                "sha256:09c77f964f351a7369cc343911e0df63e762e42bac24cd7d18525961c81754f4",
                "sha256:0d3d5b7db9ed8a2b11a774db2bbea7ba1884430a205dbd54a32d61d7c2a190fa",
                "sha256:1063da2c85b95f2d1a430f1c33b55c9c17ffaf5e612e10aeaad641c55a9e2b9d",
                "sha256:12ebea541c44fdc88ccb794a13fe861cc5e35d64ed689513a5c03d05b53b7c82",
                "sha256:153e7b6e724761741e0974fc4dcd406d35ba70b92bfe3fedcb497226c93b9da7",
                "sha256:15b26ddf78d57f1d143bdf32e820fd8935d36abe8a25eb9ec0b5a71c82eb3895",
                "sha256:1872d01ac8c618a8da634e232f24793883d6e456a66593135aeafe3784b0848d",
                "sha256:187d18082694a29005ba2944c882344b6748d5be69e3a89bf3cc9d878e548d5a",
                "sha256:1b2919306936ac6efb3aed1fbf81039f7087ddadb3160882a57ee2ff74fd2382",
                "sha256:232ac332403e37e4a03d209a3f92ed9071f7d3dbda70e2a5e9cff1c4ba9f0678",
                "sha256:23e8565ab7ff33218530bc817922fae827420f143479b753104ab801145b1d5b",
                "sha256:24817cb02cbef7cd499f7c9a2735286b4782bd47a5b3516a0e84c50eab44b98e",
                "sha256:249c6470a2b60935bafd1d1d13cd613f8cd8388d53461c67397ee6a0f5dce741",
                "sha256:24a91a981f185721542a0b7c92e9054b7ab4fea0508a795846bc5b0abf8118d4",
                "sha256:2502dd2a736c879c0f0d3e2161e74d9907231e25d35794584b1ca5284e43f596",
                "sha256:250c9eb0f4600361dd80d46112213dff2286231d92d3e52af1e5a6083d10cad9",
                "sha256:278c296c6f96fa686d74eb449ea1697f3c03dc28b75f873b65b5201806346a69",
                "sha256:2935ffc78db9645cb2086c2f8f4cfd23d9b73cc0dc80334bc30aac6f03f68f8c",
                "sha256:2f4a0033ce9a76e391542c182f0d48d084855b5fcba5010f707c8e8c34663d77",
                "sha256:30a85aed0b864ac88309b7d94be09f6046c834ef60762a8833b660139cfbad13",
                "sha256:380c4bde80bce25c6e4f77b19386f5ec9db230df9f2f2ac1e5ad7af2caa70459",
                "sha256:3ae38d325b512f63f8da31f826e6cb6c367336f95e418137286ba362925c877e",
                "sha256:3b447982ad46348c02cb90d230b75ac34e9886273df3a93eec0539308a6296d7",
                "sha256:3debd1150027933210c2fc321527c2299118aa929c2f5a0a80ab6953e3bd1908",
                "sha256:4162918ef3098851fcd8a628bf9b6a98d10c380725df9e04caf5ca6dd48c847a",
                "sha256:468d2a840567b13a590e67dd276c570f8de00ed767ecc611994c301d0f8c014f",
                "sha256:4cc152c5dd831641e995764f9f0b6589519f6f5123258ccaca8c6d34572fefa8",
                "sha256:542da1178c1c6af8873e143910e2269add130a299c9106eef2594e15dae5e482",
                "sha256:557b21a44ceac6c6b9773bc65aa1b4cc3e248a5ad2f5b914b91579a32e22204d",
                "sha256:5707a746c6083a3a74b46b3a631d78d129edab06195a92a8ece755aac25a3f3d",
                "sha256:588245972aca710b5b68802c8cad9edaa98589b1b42ad2b53accd6910dad3545",
                "sha256:5adf257bd58c1b8632046bbe43ee38c04e1038e9d37de9c57a94d6bd6ce5da34",
                "sha256:619d1c96099be5823db34fe89e2582b336b5b074a7f47f819d6b3a57ff7bdb86",
                "sha256:63563193aec44bce707e0c5ca64ff69fa72ed7cf34ce6e11d5127555756fd2f6",
                "sha256:67b8cc9574bb518ec76dc8e705d4c39ae78bb96237cb533edac149352c1f39fe",
                "sha256:6a685067d05e46641d5d1623d7c7fdf15a357546cbb2f71b0ebde91b175ffc3e",
                "sha256:70f1d09c0d7748b73290b29219e854b3207aea922f839437870d8cc2168e31cc",
                "sha256:750b446b2ffce1739e8578576092179160f6d26bd5e23eb1789c4d64d5af7dc7",
                "sha256:7966951325782121e67c81299a031f4c115615e68046f79b85856b86ebffc4cd",
                "sha256:7b8b8bf1189b3ba9b8de5c8db4d541b406611a71a955bbbd7385bbc45fcb786c",
                "sha256:7f5d10bae5d78e4551b7be7a9b29643a95aded9d0f602aa2ba584f0388e7a557",
                "sha256:805dfea4ca10411a5296bcc75638017215a93ffb584c9e344731eef0dcfb026a",
                "sha256:81bf654678e575403736b85ba3a7867e31c2c30a69bc57fe88e3ace52fb17b89",
                "sha256:82eb849f085624f6a607538ee7b83a6d8126df6d2f7d3b319cb837b289123078",
                "sha256:85a32721ddde63c9df9ebb0d2045b9691d9750cb139c161c80e500d210f5e26e",
                "sha256:86d1f65ac145e2c9ed71d8ffb1905e9bba3a91ae29ba55b4c46ae6fc31d7c0d4",
                "sha256:86f63face3a527284f7bb8a9d4f78988e3c06823f7bea2bd6f0e0e9298ca0403",
                "sha256:8eaf82f0eccd1505cf39a45a6bd0a8cf1c70dcfc30dba338207a969d91b965c0",
                "sha256:93aa7eef6ee71c629b51ef873991d6911b906d7312c6e8e99790c0f33c576f89",
                "sha256:96c2b49eb6a72c0e4991d62406e365d87067ca14c1a729a870d22354e6f68115",
                "sha256:9cf3126b85822c4e53aa28c7ec9869b924d6fcfb76e77a45c44b83d91afd74f9",
                "sha256:9fe359b2e3a7729010060fbca442ca225280c16e923b37db0e955ac2a2b72a05",
                "sha256:a0ac5e7015a5920cfce654c06618ec40c33e12801711da6b4258af59a8eff00a",
                "sha256:a3f93dab657839dfa61025056606600a11d0b696d79386f974e459a3fbc568ec",
                "sha256:a4b71f4d1765639372a3b32d2638197f5cd5221b19531f9245fcc9ee62d38f56",
                "sha256:aae32c93e0f64469f74ccc730a7cb21c7610af3a775157e50bbd38f816536b38",
                "sha256:aaf7b34c5bc56b38c931a54f7952f1ff0ae77a2e82496583b247f7c969eb1479",
                "sha256:abecce40dfebbfa6abf8e324e1860092eeca6f7375c8c4e655a8afb61af58f2c",
                "sha256:abf0d9f45ea5fb95051c8bfe43cb40cda383772f7e5023a83cc481ca2604d74e",
                "sha256:ac71b2977fb90c35d41c9453116e283fac47bb9096ad917b8819ca8b943abecd",
                "sha256:ada214c6fa40f8d800e575de6b91a40d0548139e5dc457d2ebb61470abf50186",
                "sha256:b09719a17a2301178fac4470d54b1680b18a5048b481cb8890e1ef820cb80455",
                "sha256:b1121de0e9d6e6ca08289583d7491e7fcb18a439305b34a30b20d8215922d43c",
                "sha256:b3b2316b25644b23b54a6f6401074cebcecd1244c0b8e80111c9a3f1c8e83d65",
                "sha256:b3d9b48ee6e3967b7901c052b670c7dda6deb812c309439adaffdec55c6d7b78",
                "sha256:b5bcf60a228acae568e9911f410f9d9e0d43197d030ae5799e20dca8df588287",
                "sha256:b8f3307af845803fb0b060ab76cf6dd3a13adc15b6b451f54281d25911eb92df",
                "sha256:c2af80fb58f0f24b3f3adcb9148e6203fa67dd3f61c4af146ecad033024dde43",
                "sha256:c350354efb159b8767a6244c166f66e67506e06c8924ed74669b2c70bc8735b1",
                "sha256:c5a74c359b2d47d26cdbbc7845e9662d6b08a1e915eb015d044729e92e7050b7",
                "sha256:c71f16da1ed8949774ef79f4a0260d28b83b3a50c6576f8f4f0288d109777989",
                "sha256:d47ecf253780c90ee181d4d871cd655a789da937454045b17b5798da9393901a",
                "sha256:d7eff0f27edc5afa9e405f7165f85a6d782d308f3b6b9d96016c010597958e63",
                "sha256:d97d85fa63f315a8bdaba2af9a6a686e0eceab77b3089af45133252618e70884",
                "sha256:db756e48f9c5c607b5e33dd36b1d5872d0422e960145b08ab0ec7fd420e9d649",
                "sha256:dc45229747b67ffc441b3de2f3ae5e62877a282ea828a5bdb67883c4ee4a8810",
                "sha256:e0fc42822278451bc13a2e8626cf2218ba570f27856b536e00cfa53099724828",
                "sha256:e39c7eb31e3f5b1f88caff88bcff1b7f8334975b46f6ac6e9fc725d829bc35d4",
                "sha256:e46cd37076971c1040fc8c41273a8b3e2c624ce4f2be3f5dfcb7a430c1d3acc2",
                "sha256:e5c1502d4ace69a179305abb3f0bb6141cbe4714bc9b31d427329a95acfc8bdd",
                "sha256:edfe077ab09442d4ef3c52cb1f9dab89bff02f4524afc0acf2d46be17dc479f5",
                "sha256:effe5406c9bd748a871dbcaf3ac69167c38d72db8c9baf3ff954c344f31c4cbe",
                "sha256:f0d1e3732768fecb052d90d62b220af62ead5748ac51ef61e7b32c266cac9293",
                "sha256:f5969baeaea61c97efa706b9b107dcba02784b1601c74ac84f2a532ea079403e",
                "sha256:f8888e31e3a85943743f8fc15e71536bda1c81d5aa36d014a3c0c44481d7db6e",
                "sha256:fc52b79d83a3fe3a360902d3f5d79073a993597d48114c29485e9431092905d8"
            ],
            "markers": "python_full_version >= '3.7.0'",
            "version": "==3.3.0"
        },
        "coverage": {
            "hashes": [
                "sha256:027018943386e7b942fa832372ebc120155fd970837489896099f5cfa2890f79",
                "sha256:11b990d520ea75e7ee8dcab5bc908072aaada194a794db9f6d7d5cfd19661e5a",
                "sha256:12adf310e4aafddc58afdb04d686795f33f4d7a6fa67a7a9d4ce7d6ae24d949f",
                "sha256:1431986dac3923c5945271f169f59c45b8802a114c8f548d611f2015133df77a",
                "sha256:1ef221513e6f68b69ee9e159506d583d31aa3567e0ae84eaad9d6ec1107dddaa",
                "sha256:20c8ac5386253717e5ccc827caad43ed66fea0efe255727b1053a8154d952398",
                "sha256:2198ea6fc548de52adc826f62cb18554caedfb1d26548c1b7c88d8f7faa8f6ba",
                "sha256:255758a1e3b61db372ec2736c8e2a1fdfaf563977eedbdf131de003ca5779b7d",
                "sha256:265de0fa6778d07de30bcf4d9dc471c3dc4314a23a3c6603d356a3c9abc2dfcf",
                "sha256:33a7da4376d5977fbf0a8ed91c4dffaaa8dbf0ddbf4c8eea500a2486d8bc4d7b",
                "sha256:42eafe6778551cf006a7c43153af1211c3aaab658d4d66fa5fcc021613d02518",
                "sha256:4433b90fae13f86fafff0b326453dd42fc9a639a0d9e4eec4d366436d1a41b6d",
                "sha256:4a5375e28c5191ac38cca59b38edd33ef4cc914732c916f2929029b4bfb50795",
                "sha256:4a8dbc1f0fbb2ae3de73eb0bdbb914180c7abfbf258e90b311dcd4f585d44bd2",
                "sha256:59f53f1dc5b656cafb1badd0feb428c1e7bc19b867479ff72f7a9dd9b479f10e",
                "sha256:5dbec3b9095749390c09ab7c89d314727f18800060d8d24e87f01fb9cfb40b32",
                "sha256:633713d70ad6bfc49b34ead4060531658dc6dfc9b3eb7d8a716d5873377ab745",
                "sha256:6b07130585d54fe8dff3d97b93b0e20290de974dc8177c320aeaf23459219c0b",
                "sha256:6c4459b3de97b75e3bd6b7d4b7f0db13f17f504f3d13e2a7c623786289dd670e",
                "sha256:6d4817234349a80dbf03640cec6109cd90cba068330703fa65ddf56b60223a6d",
                "sha256:723e8130d4ecc8f56e9a611e73b31219595baa3bb252d539206f7bbbab6ffc1f",
                "sha256:784f53ebc9f3fd0e2a3f6a78b2be1bd1f5575d7863e10c6e12504f240fd06660",
                "sha256:7b6be138d61e458e18d8e6ddcddd36dd96215edfe5f1168de0b1b32635839b62",
                "sha256:7ccf362abd726b0410bf8911c31fbf97f09f8f1061f8c1cf03dfc4b6372848f6",
                "sha256:83516205e254a0cb77d2d7bb3632ee019d93d9f4005de31dca0a8c3667d5bc04",
                "sha256:851cf4ff24062c6aec510a454b2584f6e998cada52d4cb58c5e233d07172e50c",
                "sha256:8f830ed581b45b82451a40faabb89c84e1a998124ee4212d440e9c6cf70083e5",
                "sha256:94e2565443291bd778421856bc975d351738963071e9b8839ca1fc08b42d4bef",
                "sha256:95203854f974e07af96358c0b261f1048d8e1083f2de9b1c565e1be4a3a48cfc",
                "sha256:97117225cdd992a9c2a5515db1f66b59db634f59d0679ca1fa3fe8da32749cae",
                "sha256:98e8a10b7a314f454d9eff4216a9a94d143a7ee65018dd12442e898ee2310578",
                "sha256:a1170fa54185845505fbfa672f1c1ab175446c887cce8212c44149581cf2d466",
                "sha256:a6b7d95969b8845250586f269e81e5dfdd8ff828ddeb8567a4a2eaa7313460c4",
                "sha256:a8fb6cf131ac4070c9c5a3e21de0f7dc5a0fbe8bc77c9456ced896c12fcdad91",
                "sha256:af4fffaffc4067232253715065e30c5a7ec6faac36f8fc8d6f64263b15f74db0",
                "sha256:b4a5be1748d538a710f87542f22c2cad22f80545a847ad91ce45e77417293eb4",
                "sha256:b5604380f3415ba69de87a289a2b56687faa4fe04dbee0754bfcae433489316b",
                "sha256:b9023e237f4c02ff739581ef35969c3739445fb059b060ca51771e69101efffe",
                "sha256:bc8ef5e043a2af066fa8cbfc6e708d58017024dc4345a1f9757b329a249f041b",
                "sha256:c4ed2820d919351f4167e52425e096af41bfabacb1857186c1ea32ff9983ed75",
                "sha256:cca4435eebea7962a52bdb216dec27215d0df64cf27fc1dd538415f5d2b9da6b",
                "sha256:d900bb429fdfd7f511f868cedd03a6bbb142f3f9118c09b99ef8dc9bf9643c3c",
                "sha256:d9ecf0829c6a62b9b573c7bb6d4dcd6ba8b6f80be9ba4fc7ed50bf4ac9aecd72",
                "sha256:dbdb91cd8c048c2b09eb17713b0c12a54fbd587d79adcebad543bc0cd9a3410b",
                "sha256:de3001a203182842a4630e7b8d1a2c7c07ec1b45d3084a83d5d227a3806f530f",
                "sha256:e07f4a4a9b41583d6eabec04f8b68076ab3cd44c20bd29332c6572dda36f372e",
                "sha256:ef8674b0ee8cc11e2d574e3e2998aea5df5ab242e012286824ea3c6970580e53",
                "sha256:f4f05d88d9a80ad3cac6244d36dd89a3c00abc16371769f1340101d3cb899fc3",
                "sha256:f642e90754ee3e06b0e7e51bce3379590e76b7f76b708e1a71ff043f87025c84",
                "sha256:fc2af30ed0d5ae0b1abdb4ebdce598eafd5b35397d4d75deb341a614d333d987"
            ],
            "markers": "python_version >= '3.7'",
            "version": "==6.5.0"
        },
        "coveralls": {
            "hashes": [
                "sha256:b32a8bb5d2df585207c119d6c01567b81fba690c9c10a753bfe27a335bfc43ea",
                "sha256:f42015f31d386b351d4226389b387ae173207058832fbf5c8ec4b40e27b16026"
            ],
            "index": "pypi",
            "markers": "python_version >= '3.5'",
            "version": "==3.3.1"
        },
        "docopt": {
            "hashes": [
                "sha256:49b3a825280bd66b3aa83585ef59c4a8c82f2c8a522dbe754a8bc8d08c85c491"
            ],
            "version": "==0.6.2"
        },
        "idna": {
            "hashes": [
                "sha256:814f528e8dead7d329833b91c5faa87d60bf71824cd12a7530b5526063d02cb4",
                "sha256:90b77e79eaa3eba6de819a0c442c0b4ceefc341a7a2ab77d7562bf49f425c5c2"
            ],
            "markers": "python_version >= '3.5'",
            "version": "==3.4"
        },
        "pydantic": {
            "hashes": [
                "sha256:6e313661b310eb5b2c45168ce05d8dd79f57563adaf3906162a917585576b846",
                "sha256:8bf7355be5e1207c756dfbc8046236dadd4ce04101fb482e6c8834a06d9aa04f"
            ],
            "index": "pypi",
            "markers": "python_version >= '3.7'",
            "version": "==2.0"
        },
        "pydantic-core": {
            "hashes": [
                "sha256:007cdcee7e1a40951768d0d250e566b603e25d0fa8b8302901e38560bc9badf9",
                "sha256:03d12c44decb122d5feede5408cc6c67e506b64016ce4b59c825d1a8c90f288a",
                "sha256:0872a1c52da4cfc494e23c83532c7fc1313de311a14334b7a58216a8dea828e0",
                "sha256:0b154abef540a76bb2b7a641b3ae1e05e5c4b08eb9ad6c27a217b3c64ffcda0b",
                "sha256:0c8877d9e0bd128f103a1b0f02899aa7d4be1104eef5dc35e2b633042b64a2d1",
                "sha256:0fcdb43190588f6219709b43ffa679e562c0d4a44a50aafb6cc88978da4a84b7",
                "sha256:10736490eacc426d681ae6f00f1d8ce01fc77c45086a597e829c3eed127179b1",
                "sha256:1672c8c36414c56adf704753b2d7e22e7528d7bd21cd357f24edeff76d4fd4ca",
                "sha256:16977790d69bac6034baa2349326db2ff465ad346c53b8d54c3674e05b070af2",
                "sha256:176eb3ec03da4c36da7708d2398139e13d1130b3b3d1af4334a959f46278baa9",
                "sha256:182a0e5ce9382a0a77aab8407ead303b6e310c673a46b18937fa1a90c22ccbc4",
                "sha256:1bb6d1057c054056614aefeced05299d3590acf76768538b34ebec9cbbf26953",
                "sha256:1c318bd2bdaa88ec078dc7932e108a9c43caeabc84d2cf545081fb6a99ed1b90",
                "sha256:1c855ef11370eacff25556658fb7fa243e8c0bd4235fa20a0f473bded2ede252",
                "sha256:3a85fde791e6567f879b50b59f1740afc55333060d93548d6bbb46bf1b6a1b49",
                "sha256:4372e8fcb458aad1e155c04e663ff1840f36b859fb1422578372712a78866051",
                "sha256:44c8cec1d74d74c29da59c86e8cd472851c85b44d75128096ef3751c5c87c204",
                "sha256:46bb28295082a22f3c7f5fa5546d669aed7eb43151ec0032e8c352c59f5e36af",
                "sha256:4eda2b350b02293c7060f2371ad3ce7b00342bd61c8654d2ba374bd10c6b6b66",
                "sha256:5e4a918eeae2c566fdcad9ee89d8708a59dc5ec3d5083b61a886b19f82f69f5c",
                "sha256:5e90b99b6aa9fd6eee6d6f86921d38252c6e55c319dc6c5e411922d0dc173825",
                "sha256:5f3158cb4cda580f3b063b03257c7f5c2d9e66f9c2a93466c76056f7c4d5a3b7",
                "sha256:6387c2956baf16891e7bc20d864a769c0f9f61799d4895c8f493e2de8f7b88aa",
                "sha256:659f22427d653769d1b4c672fd2daf53e639a5a93b0dd6fc0b37ef822a6e77d7",
                "sha256:6cf3e484bc8e8c8a568d572a6619696d7e2e2aef214b0be503f0814f8bafca9f",
                "sha256:7176ffa02c45d557cceb75f1290a2ddf53da680c6878aae54e69aafb21c52efd",
                "sha256:71cf43912edeae476f47d16520e48bddbf9af0ebdd98961c38ca8944f4f22b9d",
                "sha256:722aa193ba1f587226991a789a3f098235b5f04e85cf815af9e8ad823a5a85e1",
                "sha256:73c464afa0a959472045f242ef7cdaf6a38b76a6d7dfa1ef270de0967c04408d",
                "sha256:76d5d18ef9065ecbf62d6ec82c45ddbb47174a7400eb780040a7ebdad1c0ead8",
                "sha256:7727a4fcb93572d4e521b028f1c64f1eda2da49d506b1a6208576faa9e0acd64",
                "sha256:79225132aa1fe97a5e947da820b323d63372fb3475d94ff81ca6f91669717a01",
                "sha256:7a4fc3e8c788798739f4aa6772d994e4453a17dadb1b8eea4582a31cdfe683d2",
                "sha256:7bd78c4f04794a8e527d32c8ec1a26682b35b5c9347bb6e3cc853ba1a43c72a5",
                "sha256:88b56a4e7480f4f22fa2faefdb0a887d70420d9cd8cb160677e8abe46769e7b0",
                "sha256:88fc72e60d818924cb3d32948b682bcea0dadd0fd2efae9a4d0b7a55e310908a",
                "sha256:89123ab11a23fa9c332655933350dc231945ca6b1148c1e1960aad0a5a6de1c0",
                "sha256:8927c166f20e3933cc9a9a68701acc8de22ee54b70d8c4044ad461b043b3cf9b",
                "sha256:8945ba48644b45d4e66cc3e56b896e97fb1d7f166dd0ee1eb137bbfdf1285483",
                "sha256:8ca5a743af642700fc69dc64e0b964dd7499dcabb399e5cc2223fbc9cb33965d",
                "sha256:8daded5c64811da4bdc7d6792afa10328bff5c3514536f69457596d4a2646b49",
                "sha256:92b01e166a3b69e8054308709acabec1bae65dae83ba6329f4fcc8448e170a06",
                "sha256:958964a0ad0cea700b25037b21f5a2da38d19bddaa2f15ce36f51c048a9efe92",
                "sha256:9cf1ba93657cad863d23ecb09227665c0abe26c131acd24abb5edc6249a36a70",
                "sha256:9ee1c2d0cf5c92faf722ff366814859c764c82b30af7f91b9b1950e15efecb9e",
                "sha256:a1dd1b182fde9f95f1cc28964612fb1b180fdd3ca2cac881c108db29906b2e01",
                "sha256:a7d0de538719feda5cabf19c63cc17345df6a0ab579b95518925d2b25276daaf",
                "sha256:aad8b177370002f73f08eafefa3d969d9c4498da6d67d8a43ffdeb4b4e560e1c",
                "sha256:ab7eafb33fdc7aa8667634be58a3d1c8ed3fa8923c6bc5014657bf95b51b4a46",
                "sha256:ac6a57d01c0b67563dd273f2b71e9aab643573b569a202bfff7dad502b0b8ee0",
                "sha256:adbfc6c7ddd1cca6efe62a0292cae7cf2d05c9ebb139d0da10b0d44346e253c7",
                "sha256:adc2efaf0c45135214dff4d18d4aaf2b692249cb369f921fe0fde3a13cf7ddad",
                "sha256:ae53240f9f92f634b73a3e5ee87b9ec8ac38d5bee96ea65034af58f48d489a65",
                "sha256:b23ae8b27b6eff72909a9a88123ac28b746d95f25927ce67d3b0f3dabe099a0a",
                "sha256:b56f3758b82f26414a4dccd76f05c768df7bd2735e0ac43f3dfff2f5603d32a9",
                "sha256:b83e11a68936f80ee92ef1001bf6b9fedf0602396acc417b16a9c136a9b3b7bd",
                "sha256:bb2daa4e3d4efbf2e2dedc1a7cea3e48ff12d0c95ab2011e7f731bdc97d16ed0",
                "sha256:bc99af5be239961d718bbf8e4d6bd1caa6de556e44ed08eb5135cfbefc958728",
                "sha256:c04aa22ded4baf29c3c1ec3b76d5264dd91794b974a737251fdd0827abcc2c78",
                "sha256:c3f8fea22690c6c33c4d36d2236732da29da560f815cd9aba1d3b5ab59dcb214",
                "sha256:c5fef2dc7ed589ea83ac5ce526fcb8e8eb0ab79bfa67f958dafbda0a05ab3018",
                "sha256:c656b8d4603af6744ed2f2c0be499790f0913a2186ef7214c88d47d42051ae4b",
                "sha256:c8e53bae6e58a8ff8e93f9a77440cfe8fc017bb9a8430dc03beb6bdd648572d2",
                "sha256:cbbefd38ef80b37d056592c366a164a37b4e87b12f0aba23c35087d890fb31ba",
                "sha256:ccb06e1667a9784a96e0fc2500b989b8afbe9ac68a39a3c806c056ee228eff3c",
                "sha256:d6e21da7f7e3935b24bfd17d7c3eefe4c1edca380edaec854a8593796d8d96f1",
                "sha256:ddb23eaf427dbbde41b543d98a0c4a7aeb73bf649e3faa75b94a2fd882a669ba",
                "sha256:ddbad540cba15b5262bd800bb6f0746a4ac719de0fe0a2acab8e0d50eb54ba9a",
                "sha256:e0dd6bb98271519a309e96e927b52f8ca1323a99762bec87cda8fdaaa221e5cd",
                "sha256:e0edd3c6762b3ff3fdbd90517a09808e5d67cce86d7c43ec6f5ca3f65bfe7fd9",
                "sha256:e2e9025e132761e7ea8dab448923ccd8839c60199e863a6348d7e8b1a674edd1",
                "sha256:e4785a8c5440e410394f88e30c3db862ed05841595311ddc969b3fde377f95ea",
                "sha256:e4b4c836100e5f07189b0aea8b4afae326f169bfdef91e86fd90a0d3c27f0c75",
                "sha256:e55fc76ce657208c0d7e21e2e96925993dd4063d5c5ee9227dcdf4e550c02a29",
                "sha256:e76a9b0c2b2fb29a80764e106b1ea35c1b96a4e62e7ce7dde44f5df153fd5b66",
                "sha256:ef349e4ac794559c1538787a0fbce378a1beb991ef4f7707a6cde3156294259d",
                "sha256:f0f90928ed48b91d93add357fb1e81cef729bffaff3ab88882b76549434b4574",
                "sha256:f9452d470012ee86a00a36f7673843038fd1a88661a28c72e65e7f3f084da8d8",
                "sha256:f9fffcb5507bff84a1312d1616406cad157806f105d78bd184d1e6b3b00e6417",
                "sha256:fa5a3d49ddbeaa80bb2a8927b90e9cdd43373616ba0b7b7a74a3ae33b5c9640c",
                "sha256:ff015389ae4ca6869a2fdd16c21ee1ce7c134503f2148efd46db643ce27ca520"
            ],
            "markers": "python_version >= '3.7'",
            "version": "==2.0.1"
        },
        "requests": {
            "hashes": [
                "sha256:58cd2187c01e70e6e26505bca751777aa9f2ee0b7f4300988b709f44e013003f",
                "sha256:942c5a758f98d790eaed1a29cb6eefc7ffb0d1cf7af05c3d2791656dbd6ad1e1"
            ],
            "markers": "python_version >= '3.7'",
            "version": "==2.31.0"
        },
        "typing-extensions": {
            "hashes": [
                "sha256:06006244c70ac8ee83fa8282cb188f697b8db25bc8b4df07be1873c43897060c",
                "sha256:3a8b36f13dd5fdc5d1b16fe317f5668545de77fa0b8e02006381fd49d731ab98"
            ],
            "index": "pypi",
            "markers": "python_version >= '3.7'",
            "version": "==4.6.2"
        },
        "urllib3": {
            "hashes": [
                "sha256:7a7c7003b000adf9e7ca2a377c9688bbc54ed41b985789ed576570342a375cd2",
                "sha256:b19e1a85d206b56d7df1d5e683df4a7725252a964e3993648dd0fb5a1c157564"
            ],
            "markers": "python_version >= '3.7'",
            "version": "==2.0.6"
        }
    },
    "develop": {}
}
